
Microsoft Visual Studio Solution File, Format Version 12.00
# Visual Studio Version 16
VisualStudioVersion = 16.0.30611.23
MinimumVisualStudioVersion = 10.0.40219.1
Project("{9A19103F-16F7-4668-BE54-9A1E7A4F7556}") = "Bom Dev", "bom-dev\Bom Dev.csproj", "{534FBC87-385A-4043-9681-268B619B09A5}"
EndProject
Project("{9A19103F-16F7-4668-BE54-9A1E7A4F7556}") = "IdentityServer", "IdentityServer\IdentityServer.csproj", "{85951296-E227-4423-8404-F66F6F3E7B16}"
EndProject
Project("{9A19103F-16F7-4668-BE54-9A1E7A4F7556}") = "API", "API\API.csproj", "{ED42FEB6-FE26-48D9-977A-499CB6DB062B}"
EndProject
Project("{FAE04EC0-301F-11D3-BF4B-00C04F79EFBC}") = "Bom Dev.Shared", "Bom Dev.Shared\Bom Dev.Shared.csproj", "{397B6D15-D1EB-45D8-A90F-527EA94B3826}"
EndProject
Global
	GlobalSection(SolutionConfigurationPlatforms) = preSolution
		Debug|Any CPU = Debug|Any CPU
		Release|Any CPU = Release|Any CPU
	EndGlobalSection
	GlobalSection(ProjectConfigurationPlatforms) = postSolution
		{534FBC87-385A-4043-9681-268B619B09A5}.Debug|Any CPU.ActiveCfg = Debug|Any CPU
		{534FBC87-385A-4043-9681-268B619B09A5}.Debug|Any CPU.Build.0 = Debug|Any CPU
		{534FBC87-385A-4043-9681-268B619B09A5}.Release|Any CPU.ActiveCfg = Release|Any CPU
		{534FBC87-385A-4043-9681-268B619B09A5}.Release|Any CPU.Build.0 = Release|Any CPU
		{85951296-E227-4423-8404-F66F6F3E7B16}.Debug|Any CPU.ActiveCfg = Debug|Any CPU
		{85951296-E227-4423-8404-F66F6F3E7B16}.Debug|Any CPU.Build.0 = Debug|Any CPU
		{85951296-E227-4423-8404-F66F6F3E7B16}.Release|Any CPU.ActiveCfg = Release|Any CPU
		{85951296-E227-4423-8404-F66F6F3E7B16}.Release|Any CPU.Build.0 = Release|Any CPU
		{ED42FEB6-FE26-48D9-977A-499CB6DB062B}.Debug|Any CPU.ActiveCfg = Debug|Any CPU
		{ED42FEB6-FE26-48D9-977A-499CB6DB062B}.Debug|Any CPU.Build.0 = Debug|Any CPU
		{ED42FEB6-FE26-48D9-977A-499CB6DB062B}.Release|Any CPU.ActiveCfg = Release|Any CPU
		{ED42FEB6-FE26-48D9-977A-499CB6DB062B}.Release|Any CPU.Build.0 = Release|Any CPU
		{397B6D15-D1EB-45D8-A90F-527EA94B3826}.Debug|Any CPU.ActiveCfg = Debug|Any CPU
		{397B6D15-D1EB-45D8-A90F-527EA94B3826}.Debug|Any CPU.Build.0 = Debug|Any CPU
		{397B6D15-D1EB-45D8-A90F-527EA94B3826}.Release|Any CPU.ActiveCfg = Release|Any CPU
		{397B6D15-D1EB-45D8-A90F-527EA94B3826}.Release|Any CPU.Build.0 = Release|Any CPU
	EndGlobalSection
	GlobalSection(SolutionProperties) = preSolution
		HideSolutionNode = FALSE
	EndGlobalSection
	GlobalSection(ExtensibilityGlobals) = postSolution
		SolutionGuid = {996C4DE5-357D-4BB8-B01E-F8612EECA20A}
	EndGlobalSection
EndGlobal
